// !$*UTF8*$!
{
	archiveVersion = 1;
	classes = {
	};
	objectVersion = 55;
	objects = {

/* Begin PBXBuildFile section */
		73AFF35018C95B8CA52C661D /* Pods_CalcTextPracticeTests.framework in Frameworks */ = {isa = PBXBuildFile; fileRef = 6B29E2FAE9E2EB4F30DB1955 /* Pods_CalcTextPracticeTests.framework */; };
		750031AA271CD1B600971701 /* AppDelegate.swift in Sources */ = {isa = PBXBuildFile; fileRef = 750031A9271CD1B600971701 /* AppDelegate.swift */; };
		750031AC271CD1B600971701 /* SceneDelegate.swift in Sources */ = {isa = PBXBuildFile; fileRef = 750031AB271CD1B600971701 /* SceneDelegate.swift */; };
		750031AE271CD1B600971701 /* ViewController.swift in Sources */ = {isa = PBXBuildFile; fileRef = 750031AD271CD1B600971701 /* ViewController.swift */; };
		750031B1271CD1B600971701 /* Main.storyboard in Resources */ = {isa = PBXBuildFile; fileRef = 750031AF271CD1B600971701 /* Main.storyboard */; };
		750031B3271CD1B800971701 /* Assets.xcassets in Resources */ = {isa = PBXBuildFile; fileRef = 750031B2271CD1B800971701 /* Assets.xcassets */; };
		750031B6271CD1B800971701 /* LaunchScreen.storyboard in Resources */ = {isa = PBXBuildFile; fileRef = 750031B4271CD1B800971701 /* LaunchScreen.storyboard */; };
		750031C1271CD1B800971701 /* CalcTextPracticeTests.swift in Sources */ = {isa = PBXBuildFile; fileRef = 750031C0271CD1B800971701 /* CalcTextPracticeTests.swift */; };
		750031CB271CD1B900971701 /* CalcTextPracticeUITests.swift in Sources */ = {isa = PBXBuildFile; fileRef = 750031CA271CD1B900971701 /* CalcTextPracticeUITests.swift */; };
		750031CD271CD1B900971701 /* CalcTextPracticeUITestsLaunchTests.swift in Sources */ = {isa = PBXBuildFile; fileRef = 750031CC271CD1B900971701 /* CalcTextPracticeUITestsLaunchTests.swift */; };
		750CCFCB2720CA890090C733 /* GitHubRepository.swift in Sources */ = {isa = PBXBuildFile; fileRef = 750CCFCA2720CA890090C733 /* GitHubRepository.swift */; };
		750CCFCD2720CAF10090C733 /* GitHubAPIClient.swift in Sources */ = {isa = PBXBuildFile; fileRef = 750CCFCC2720CAF10090C733 /* GitHubAPIClient.swift */; };
		750CCFCF2720CCDB0090C733 /* GitHubRepositoryManager.swift in Sources */ = {isa = PBXBuildFile; fileRef = 750CCFCE2720CCDB0090C733 /* GitHubRepositoryManager.swift */; };
		750CCFD22720D1180090C733 /* GitHubTableViewCell.swift in Sources */ = {isa = PBXBuildFile; fileRef = 750CCFD02720D1180090C733 /* GitHubTableViewCell.swift */; };
		750CCFD32720D1180090C733 /* GitHubTableViewCell.xib in Resources */ = {isa = PBXBuildFile; fileRef = 750CCFD12720D1180090C733 /* GitHubTableViewCell.xib */; };
		75C05120271F823500BCD30E /* Calculator.swift in Sources */ = {isa = PBXBuildFile; fileRef = 75C0511F271F823500BCD30E /* Calculator.swift */; };
		75C05122271F824800BCD30E /* Cat.swift in Sources */ = {isa = PBXBuildFile; fileRef = 75C05121271F824800BCD30E /* Cat.swift */; };
		75C05124271F825C00BCD30E /* Async.swift in Sources */ = {isa = PBXBuildFile; fileRef = 75C05123271F825C00BCD30E /* Async.swift */; };
		75C05126271F82C000BCD30E /* Day.swift in Sources */ = {isa = PBXBuildFile; fileRef = 75C05125271F82C000BCD30E /* Day.swift */; };
		75CC67D32727635900AE4292 /* Positive.swift in Sources */ = {isa = PBXBuildFile; fileRef = 75CC67D22727635900AE4292 /* Positive.swift */; };
		8144B09FFF68FADA9690620A /* Pods_CalcTextPractice.framework in Frameworks */ = {isa = PBXBuildFile; fileRef = C9CC9BBDFB1B64136F26A54A /* Pods_CalcTextPractice.framework */; };
		D0B4998E3EFB3582120572B1 /* Pods_CalcTextPractice_CalcTextPracticeUITests.framework in Frameworks */ = {isa = PBXBuildFile; fileRef = 30B717D6787C98423EA59186 /* Pods_CalcTextPractice_CalcTextPracticeUITests.framework */; };
/* End PBXBuildFile section */

/* Begin PBXContainerItemProxy section */
		750031BD271CD1B800971701 /* PBXContainerItemProxy */ = {
			isa = PBXContainerItemProxy;
			containerPortal = 7500319E271CD1B600971701 /* Project object */;
			proxyType = 1;
			remoteGlobalIDString = 750031A5271CD1B600971701;
			remoteInfo = CalcTextPractice;
		};
		750031C7271CD1B900971701 /* PBXContainerItemProxy */ = {
			isa = PBXContainerItemProxy;
			containerPortal = 7500319E271CD1B600971701 /* Project object */;
			proxyType = 1;
			remoteGlobalIDString = 750031A5271CD1B600971701;
			remoteInfo = CalcTextPractice;
		};
/* End PBXContainerItemProxy section */

/* Begin PBXFileReference section */
		30B717D6787C98423EA59186 /* Pods_CalcTextPractice_CalcTextPracticeUITests.framework */ = {isa = PBXFileReference; explicitFileType = wrapper.framework; includeInIndex = 0; path = Pods_CalcTextPractice_CalcTextPracticeUITests.framework; sourceTree = BUILT_PRODUCTS_DIR; };
		335B3111D37BE4BB83D5BEA0 /* Pods-CalcTextPracticeTests.release.xcconfig */ = {isa = PBXFileReference; includeInIndex = 1; lastKnownFileType = text.xcconfig; name = "Pods-CalcTextPracticeTests.release.xcconfig"; path = "Target Support Files/Pods-CalcTextPracticeTests/Pods-CalcTextPracticeTests.release.xcconfig"; sourceTree = "<group>"; };
		42B72A0958A7D555B77C1080 /* Pods-CalcTextPracticeTests.debug.xcconfig */ = {isa = PBXFileReference; includeInIndex = 1; lastKnownFileType = text.xcconfig; name = "Pods-CalcTextPracticeTests.debug.xcconfig"; path = "Target Support Files/Pods-CalcTextPracticeTests/Pods-CalcTextPracticeTests.debug.xcconfig"; sourceTree = "<group>"; };
		5B3A8936C49A5FC9B1AC337A /* Pods-CalcTextPractice.debug.xcconfig */ = {isa = PBXFileReference; includeInIndex = 1; lastKnownFileType = text.xcconfig; name = "Pods-CalcTextPractice.debug.xcconfig"; path = "Target Support Files/Pods-CalcTextPractice/Pods-CalcTextPractice.debug.xcconfig"; sourceTree = "<group>"; };
		6B29E2FAE9E2EB4F30DB1955 /* Pods_CalcTextPracticeTests.framework */ = {isa = PBXFileReference; explicitFileType = wrapper.framework; includeInIndex = 0; path = Pods_CalcTextPracticeTests.framework; sourceTree = BUILT_PRODUCTS_DIR; };
		6CEED6A9A88DE4D2EE6A3D5E /* Pods-CalcTextPractice-CalcTextPracticeUITests.release.xcconfig */ = {isa = PBXFileReference; includeInIndex = 1; lastKnownFileType = text.xcconfig; name = "Pods-CalcTextPractice-CalcTextPracticeUITests.release.xcconfig"; path = "Target Support Files/Pods-CalcTextPractice-CalcTextPracticeUITests/Pods-CalcTextPractice-CalcTextPracticeUITests.release.xcconfig"; sourceTree = "<group>"; };
		750031A6271CD1B600971701 /* CalcTextPractice.app */ = {isa = PBXFileReference; explicitFileType = wrapper.application; includeInIndex = 0; path = CalcTextPractice.app; sourceTree = BUILT_PRODUCTS_DIR; };
		750031A9271CD1B600971701 /* AppDelegate.swift */ = {isa = PBXFileReference; lastKnownFileType = sourcecode.swift; path = AppDelegate.swift; sourceTree = "<group>"; };
		750031AB271CD1B600971701 /* SceneDelegate.swift */ = {isa = PBXFileReference; lastKnownFileType = sourcecode.swift; path = SceneDelegate.swift; sourceTree = "<group>"; };
		750031AD271CD1B600971701 /* ViewController.swift */ = {isa = PBXFileReference; lastKnownFileType = sourcecode.swift; path = ViewController.swift; sourceTree = "<group>"; };
		750031B0271CD1B600971701 /* Base */ = {isa = PBXFileReference; lastKnownFileType = file.storyboard; name = Base; path = Base.lproj/Main.storyboard; sourceTree = "<group>"; };
		750031B2271CD1B800971701 /* Assets.xcassets */ = {isa = PBXFileReference; lastKnownFileType = folder.assetcatalog; path = Assets.xcassets; sourceTree = "<group>"; };
		750031B5271CD1B800971701 /* Base */ = {isa = PBXFileReference; lastKnownFileType = file.storyboard; name = Base; path = Base.lproj/LaunchScreen.storyboard; sourceTree = "<group>"; };
		750031B7271CD1B800971701 /* Info.plist */ = {isa = PBXFileReference; lastKnownFileType = text.plist.xml; path = Info.plist; sourceTree = "<group>"; };
		750031BC271CD1B800971701 /* CalcTextPracticeTests.xctest */ = {isa = PBXFileReference; explicitFileType = wrapper.cfbundle; includeInIndex = 0; path = CalcTextPracticeTests.xctest; sourceTree = BUILT_PRODUCTS_DIR; };
		750031C0271CD1B800971701 /* CalcTextPracticeTests.swift */ = {isa = PBXFileReference; lastKnownFileType = sourcecode.swift; path = CalcTextPracticeTests.swift; sourceTree = "<group>"; };
		750031C6271CD1B900971701 /* CalcTextPracticeUITests.xctest */ = {isa = PBXFileReference; explicitFileType = wrapper.cfbundle; includeInIndex = 0; path = CalcTextPracticeUITests.xctest; sourceTree = BUILT_PRODUCTS_DIR; };
		750031CA271CD1B900971701 /* CalcTextPracticeUITests.swift */ = {isa = PBXFileReference; lastKnownFileType = sourcecode.swift; path = CalcTextPracticeUITests.swift; sourceTree = "<group>"; };
		750031CC271CD1B900971701 /* CalcTextPracticeUITestsLaunchTests.swift */ = {isa = PBXFileReference; lastKnownFileType = sourcecode.swift; path = CalcTextPracticeUITestsLaunchTests.swift; sourceTree = "<group>"; };
		750CCFCA2720CA890090C733 /* GitHubRepository.swift */ = {isa = PBXFileReference; lastKnownFileType = sourcecode.swift; path = GitHubRepository.swift; sourceTree = "<group>"; };
		750CCFCC2720CAF10090C733 /* GitHubAPIClient.swift */ = {isa = PBXFileReference; lastKnownFileType = sourcecode.swift; path = GitHubAPIClient.swift; sourceTree = "<group>"; };
		750CCFCE2720CCDB0090C733 /* GitHubRepositoryManager.swift */ = {isa = PBXFileReference; lastKnownFileType = sourcecode.swift; path = GitHubRepositoryManager.swift; sourceTree = "<group>"; };
		750CCFD02720D1180090C733 /* GitHubTableViewCell.swift */ = {isa = PBXFileReference; lastKnownFileType = sourcecode.swift; path = GitHubTableViewCell.swift; sourceTree = "<group>"; };
		750CCFD12720D1180090C733 /* GitHubTableViewCell.xib */ = {isa = PBXFileReference; lastKnownFileType = file.xib; path = GitHubTableViewCell.xib; sourceTree = "<group>"; };
		75C0511F271F823500BCD30E /* Calculator.swift */ = {isa = PBXFileReference; lastKnownFileType = sourcecode.swift; path = Calculator.swift; sourceTree = "<group>"; };
		75C05121271F824800BCD30E /* Cat.swift */ = {isa = PBXFileReference; lastKnownFileType = sourcecode.swift; path = Cat.swift; sourceTree = "<group>"; };
		75C05123271F825C00BCD30E /* Async.swift */ = {isa = PBXFileReference; lastKnownFileType = sourcecode.swift; path = Async.swift; sourceTree = "<group>"; };
		75C05125271F82C000BCD30E /* Day.swift */ = {isa = PBXFileReference; lastKnownFileType = sourcecode.swift; path = Day.swift; sourceTree = "<group>"; };
		75CC67D22727635900AE4292 /* Positive.swift */ = {isa = PBXFileReference; lastKnownFileType = sourcecode.swift; path = Positive.swift; sourceTree = "<group>"; };
		C9CC9BBDFB1B64136F26A54A /* Pods_CalcTextPractice.framework */ = {isa = PBXFileReference; explicitFileType = wrapper.framework; includeInIndex = 0; path = Pods_CalcTextPractice.framework; sourceTree = BUILT_PRODUCTS_DIR; };
		DF2B3F8DED1377B1522EF485 /* Pods-CalcTextPractice-CalcTextPracticeUITests.debug.xcconfig */ = {isa = PBXFileReference; includeInIndex = 1; lastKnownFileType = text.xcconfig; name = "Pods-CalcTextPractice-CalcTextPracticeUITests.debug.xcconfig"; path = "Target Support Files/Pods-CalcTextPractice-CalcTextPracticeUITests/Pods-CalcTextPractice-CalcTextPracticeUITests.debug.xcconfig"; sourceTree = "<group>"; };
		F8221A790908FF55A9521167 /* Pods-CalcTextPractice.release.xcconfig */ = {isa = PBXFileReference; includeInIndex = 1; lastKnownFileType = text.xcconfig; name = "Pods-CalcTextPractice.release.xcconfig"; path = "Target Support Files/Pods-CalcTextPractice/Pods-CalcTextPractice.release.xcconfig"; sourceTree = "<group>"; };
/* End PBXFileReference section */

/* Begin PBXFrameworksBuildPhase section */
		750031A3271CD1B600971701 /* Frameworks */ = {
			isa = PBXFrameworksBuildPhase;
			buildActionMask = 2147483647;
			files = (
				8144B09FFF68FADA9690620A /* Pods_CalcTextPractice.framework in Frameworks */,
			);
			runOnlyForDeploymentPostprocessing = 0;
		};
		750031B9271CD1B800971701 /* Frameworks */ = {
			isa = PBXFrameworksBuildPhase;
			buildActionMask = 2147483647;
			files = (
				73AFF35018C95B8CA52C661D /* Pods_CalcTextPracticeTests.framework in Frameworks */,
			);
			runOnlyForDeploymentPostprocessing = 0;
		};
		750031C3271CD1B900971701 /* Frameworks */ = {
			isa = PBXFrameworksBuildPhase;
			buildActionMask = 2147483647;
			files = (
				D0B4998E3EFB3582120572B1 /* Pods_CalcTextPractice_CalcTextPracticeUITests.framework in Frameworks */,
			);
			runOnlyForDeploymentPostprocessing = 0;
		};
/* End PBXFrameworksBuildPhase section */

/* Begin PBXGroup section */
		7500319D271CD1B600971701 = {
			isa = PBXGroup;
			children = (
				750031A8271CD1B600971701 /* CalcTextPractice */,
				750031BF271CD1B800971701 /* CalcTextPracticeTests */,
				750031C9271CD1B900971701 /* CalcTextPracticeUITests */,
				750031A7271CD1B600971701 /* Products */,
				C07F5E0FAB367CA67992B36E /* Pods */,
				F47C06F6B4931C2463451CBD /* Frameworks */,
			);
			sourceTree = "<group>";
		};
		750031A7271CD1B600971701 /* Products */ = {
			isa = PBXGroup;
			children = (
				750031A6271CD1B600971701 /* CalcTextPractice.app */,
				750031BC271CD1B800971701 /* CalcTextPracticeTests.xctest */,
				750031C6271CD1B900971701 /* CalcTextPracticeUITests.xctest */,
			);
			name = Products;
			sourceTree = "<group>";
		};
		750031A8271CD1B600971701 /* CalcTextPractice */ = {
			isa = PBXGroup;
			children = (
				75C0511E271F822400BCD30E /* TestModel */,
				750031A9271CD1B600971701 /* AppDelegate.swift */,
				750031AB271CD1B600971701 /* SceneDelegate.swift */,
				750031AD271CD1B600971701 /* ViewController.swift */,
				750031AF271CD1B600971701 /* Main.storyboard */,
				750031B2271CD1B800971701 /* Assets.xcassets */,
				750031B4271CD1B800971701 /* LaunchScreen.storyboard */,
				750031B7271CD1B800971701 /* Info.plist */,
				750CCFD02720D1180090C733 /* GitHubTableViewCell.swift */,
				750CCFD12720D1180090C733 /* GitHubTableViewCell.xib */,
			);
			path = CalcTextPractice;
			sourceTree = "<group>";
		};
		750031BF271CD1B800971701 /* CalcTextPracticeTests */ = {
			isa = PBXGroup;
			children = (
				750031C0271CD1B800971701 /* CalcTextPracticeTests.swift */,
			);
			path = CalcTextPracticeTests;
			sourceTree = "<group>";
		};
		750031C9271CD1B900971701 /* CalcTextPracticeUITests */ = {
			isa = PBXGroup;
			children = (
				750031CA271CD1B900971701 /* CalcTextPracticeUITests.swift */,
				750031CC271CD1B900971701 /* CalcTextPracticeUITestsLaunchTests.swift */,
			);
			path = CalcTextPracticeUITests;
			sourceTree = "<group>";
		};
		750CCFC92720CA630090C733 /* GitHub */ = {
			isa = PBXGroup;
			children = (
				750CCFCA2720CA890090C733 /* GitHubRepository.swift */,
				750CCFCC2720CAF10090C733 /* GitHubAPIClient.swift */,
				750CCFCE2720CCDB0090C733 /* GitHubRepositoryManager.swift */,
			);
			path = GitHub;
			sourceTree = "<group>";
		};
		750CCFD42720D2C20090C733 /* Utilitity */ = {
			isa = PBXGroup;
			children = (
				75C0511F271F823500BCD30E /* Calculator.swift */,
				75C05121271F824800BCD30E /* Cat.swift */,
				75C05123271F825C00BCD30E /* Async.swift */,
				75C05125271F82C000BCD30E /* Day.swift */,
				75CC67D22727635900AE4292 /* Positive.swift */,
			);
			path = Utilitity;
			sourceTree = "<group>";
		};
		75C0511E271F822400BCD30E /* TestModel */ = {
			isa = PBXGroup;
			children = (
				750CCFD42720D2C20090C733 /* Utilitity */,
				750CCFC92720CA630090C733 /* GitHub */,
			);
			path = TestModel;
			sourceTree = "<group>";
		};
		C07F5E0FAB367CA67992B36E /* Pods */ = {
			isa = PBXGroup;
			children = (
				5B3A8936C49A5FC9B1AC337A /* Pods-CalcTextPractice.debug.xcconfig */,
				F8221A790908FF55A9521167 /* Pods-CalcTextPractice.release.xcconfig */,
				DF2B3F8DED1377B1522EF485 /* Pods-CalcTextPractice-CalcTextPracticeUITests.debug.xcconfig */,
				6CEED6A9A88DE4D2EE6A3D5E /* Pods-CalcTextPractice-CalcTextPracticeUITests.release.xcconfig */,
				42B72A0958A7D555B77C1080 /* Pods-CalcTextPracticeTests.debug.xcconfig */,
				335B3111D37BE4BB83D5BEA0 /* Pods-CalcTextPracticeTests.release.xcconfig */,
			);
			name = Pods;
			path = Pods;
			sourceTree = "<group>";
		};
		F47C06F6B4931C2463451CBD /* Frameworks */ = {
			isa = PBXGroup;
			children = (
				C9CC9BBDFB1B64136F26A54A /* Pods_CalcTextPractice.framework */,
				30B717D6787C98423EA59186 /* Pods_CalcTextPractice_CalcTextPracticeUITests.framework */,
				6B29E2FAE9E2EB4F30DB1955 /* Pods_CalcTextPracticeTests.framework */,
			);
			name = Frameworks;
			sourceTree = "<group>";
		};
/* End PBXGroup section */

/* Begin PBXNativeTarget section */
		750031A5271CD1B600971701 /* CalcTextPractice */ = {
			isa = PBXNativeTarget;
			buildConfigurationList = 750031D0271CD1B900971701 /* Build configuration list for PBXNativeTarget "CalcTextPractice" */;
			buildPhases = (
				FD9C3571589AE06028D6D06F /* [CP] Check Pods Manifest.lock */,
				750031A2271CD1B600971701 /* Sources */,
				750031A3271CD1B600971701 /* Frameworks */,
				750031A4271CD1B600971701 /* Resources */,
			);
			buildRules = (
			);
			dependencies = (
			);
			name = CalcTextPractice;
			productName = CalcTextPractice;
			productReference = 750031A6271CD1B600971701 /* CalcTextPractice.app */;
			productType = "com.apple.product-type.application";
		};
		750031BB271CD1B800971701 /* CalcTextPracticeTests */ = {
			isa = PBXNativeTarget;
			buildConfigurationList = 750031D3271CD1B900971701 /* Build configuration list for PBXNativeTarget "CalcTextPracticeTests" */;
			buildPhases = (
				69F81F47BE78DCAEEC6FB115 /* [CP] Check Pods Manifest.lock */,
				750031B8271CD1B800971701 /* Sources */,
				750031B9271CD1B800971701 /* Frameworks */,
				750031BA271CD1B800971701 /* Resources */,
				DD1E354DF18F0F29A3A9ADA3 /* [CP] Embed Pods Frameworks */,
			);
			buildRules = (
			);
			dependencies = (
				750031BE271CD1B800971701 /* PBXTargetDependency */,
			);
			name = CalcTextPracticeTests;
			productName = CalcTextPracticeTests;
			productReference = 750031BC271CD1B800971701 /* CalcTextPracticeTests.xctest */;
			productType = "com.apple.product-type.bundle.unit-test";
		};
		750031C5271CD1B900971701 /* CalcTextPracticeUITests */ = {
			isa = PBXNativeTarget;
			buildConfigurationList = 750031D6271CD1B900971701 /* Build configuration list for PBXNativeTarget "CalcTextPracticeUITests" */;
			buildPhases = (
				8A3BE8658613DD0E9B2EC075 /* [CP] Check Pods Manifest.lock */,
				750031C2271CD1B900971701 /* Sources */,
				750031C3271CD1B900971701 /* Frameworks */,
				750031C4271CD1B900971701 /* Resources */,
			);
			buildRules = (
			);
			dependencies = (
				750031C8271CD1B900971701 /* PBXTargetDependency */,
			);
			name = CalcTextPracticeUITests;
			productName = CalcTextPracticeUITests;
			productReference = 750031C6271CD1B900971701 /* CalcTextPracticeUITests.xctest */;
			productType = "com.apple.product-type.bundle.ui-testing";
		};
/* End PBXNativeTarget section */

/* Begin PBXProject section */
		7500319E271CD1B600971701 /* Project object */ = {
			isa = PBXProject;
			attributes = {
				BuildIndependentTargetsInParallel = 1;
				LastSwiftUpdateCheck = 1300;
				LastUpgradeCheck = 1300;
				TargetAttributes = {
					750031A5271CD1B600971701 = {
						CreatedOnToolsVersion = 13.0;
					};
					750031BB271CD1B800971701 = {
						CreatedOnToolsVersion = 13.0;
						TestTargetID = 750031A5271CD1B600971701;
					};
					750031C5271CD1B900971701 = {
						CreatedOnToolsVersion = 13.0;
						TestTargetID = 750031A5271CD1B600971701;
					};
				};
			};
			buildConfigurationList = 750031A1271CD1B600971701 /* Build configuration list for PBXProject "CalcTextPractice" */;
			compatibilityVersion = "Xcode 13.0";
			developmentRegion = en;
			hasScannedForEncodings = 0;
			knownRegions = (
				en,
				Base,
			);
			mainGroup = 7500319D271CD1B600971701;
			productRefGroup = 750031A7271CD1B600971701 /* Products */;
			projectDirPath = "";
			projectRoot = "";
			targets = (
				750031A5271CD1B600971701 /* CalcTextPractice */,
				750031BB271CD1B800971701 /* CalcTextPracticeTests */,
				750031C5271CD1B900971701 /* CalcTextPracticeUITests */,
			);
		};
/* End PBXProject section */

/* Begin PBXResourcesBuildPhase section */
		750031A4271CD1B600971701 /* Resources */ = {
			isa = PBXResourcesBuildPhase;
			buildActionMask = 2147483647;
			files = (
				750031B6271CD1B800971701 /* LaunchScreen.storyboard in Resources */,
				750031B3271CD1B800971701 /* Assets.xcassets in Resources */,
				750CCFD32720D1180090C733 /* GitHubTableViewCell.xib in Resources */,
				750031B1271CD1B600971701 /* Main.storyboard in Resources */,
			);
			runOnlyForDeploymentPostprocessing = 0;
		};
		750031BA271CD1B800971701 /* Resources */ = {
			isa = PBXResourcesBuildPhase;
			buildActionMask = 2147483647;
			files = (
			);
			runOnlyForDeploymentPostprocessing = 0;
		};
		750031C4271CD1B900971701 /* Resources */ = {
			isa = PBXResourcesBuildPhase;
			buildActionMask = 2147483647;
			files = (
			);
			runOnlyForDeploymentPostprocessing = 0;
		};
/* End PBXResourcesBuildPhase section */

/* Begin PBXShellScriptBuildPhase section */
		69F81F47BE78DCAEEC6FB115 /* [CP] Check Pods Manifest.lock */ = {
			isa = PBXShellScriptBuildPhase;
			buildActionMask = 2147483647;
			files = (
			);
			inputFileListPaths = (
			);
			inputPaths = (
				"${PODS_PODFILE_DIR_PATH}/Podfile.lock",
				"${PODS_ROOT}/Manifest.lock",
			);
			name = "[CP] Check Pods Manifest.lock";
			outputFileListPaths = (
			);
			outputPaths = (
				"$(DERIVED_FILE_DIR)/Pods-CalcTextPracticeTests-checkManifestLockResult.txt",
			);
			runOnlyForDeploymentPostprocessing = 0;
			shellPath = /bin/sh;
			shellScript = "diff \"${PODS_PODFILE_DIR_PATH}/Podfile.lock\" \"${PODS_ROOT}/Manifest.lock\" > /dev/null\nif [ $? != 0 ] ; then\n    # print error to STDERR\n    echo \"error: The sandbox is not in sync with the Podfile.lock. Run 'pod install' or update your CocoaPods installation.\" >&2\n    exit 1\nfi\n# This output is used by Xcode 'outputs' to avoid re-running this script phase.\necho \"SUCCESS\" > \"${SCRIPT_OUTPUT_FILE_0}\"\n";
			showEnvVarsInLog = 0;
		};
		8A3BE8658613DD0E9B2EC075 /* [CP] Check Pods Manifest.lock */ = {
			isa = PBXShellScriptBuildPhase;
			buildActionMask = 2147483647;
			files = (
			);
			inputFileListPaths = (
			);
			inputPaths = (
				"${PODS_PODFILE_DIR_PATH}/Podfile.lock",
				"${PODS_ROOT}/Manifest.lock",
			);
			name = "[CP] Check Pods Manifest.lock";
			outputFileListPaths = (
			);
			outputPaths = (
				"$(DERIVED_FILE_DIR)/Pods-CalcTextPractice-CalcTextPracticeUITests-checkManifestLockResult.txt",
			);
			runOnlyForDeploymentPostprocessing = 0;
			shellPath = /bin/sh;
			shellScript = "diff \"${PODS_PODFILE_DIR_PATH}/Podfile.lock\" \"${PODS_ROOT}/Manifest.lock\" > /dev/null\nif [ $? != 0 ] ; then\n    # print error to STDERR\n    echo \"error: The sandbox is not in sync with the Podfile.lock. Run 'pod install' or update your CocoaPods installation.\" >&2\n    exit 1\nfi\n# This output is used by Xcode 'outputs' to avoid re-running this script phase.\necho \"SUCCESS\" > \"${SCRIPT_OUTPUT_FILE_0}\"\n";
			showEnvVarsInLog = 0;
		};
		DD1E354DF18F0F29A3A9ADA3 /* [CP] Embed Pods Frameworks */ = {
			isa = PBXShellScriptBuildPhase;
			buildActionMask = 2147483647;
			files = (
			);
			inputFileListPaths = (
				"${PODS_ROOT}/Target Support Files/Pods-CalcTextPracticeTests/Pods-CalcTextPracticeTests-frameworks-${CONFIGURATION}-input-files.xcfilelist",
			);
			name = "[CP] Embed Pods Frameworks";
			outputFileListPaths = (
				"${PODS_ROOT}/Target Support Files/Pods-CalcTextPracticeTests/Pods-CalcTextPracticeTests-frameworks-${CONFIGURATION}-output-files.xcfilelist",
			);
			runOnlyForDeploymentPostprocessing = 0;
			shellPath = /bin/sh;
			shellScript = "\"${PODS_ROOT}/Target Support Files/Pods-CalcTextPracticeTests/Pods-CalcTextPracticeTests-frameworks.sh\"\n";
			showEnvVarsInLog = 0;
		};
		FD9C3571589AE06028D6D06F /* [CP] Check Pods Manifest.lock */ = {
			isa = PBXShellScriptBuildPhase;
			buildActionMask = 2147483647;
			files = (
			);
			inputFileListPaths = (
			);
			inputPaths = (
				"${PODS_PODFILE_DIR_PATH}/Podfile.lock",
				"${PODS_ROOT}/Manifest.lock",
			);
			name = "[CP] Check Pods Manifest.lock";
			outputFileListPaths = (
			);
			outputPaths = (
				"$(DERIVED_FILE_DIR)/Pods-CalcTextPractice-checkManifestLockResult.txt",
			);
			runOnlyForDeploymentPostprocessing = 0;
			shellPath = /bin/sh;
			shellScript = "diff \"${PODS_PODFILE_DIR_PATH}/Podfile.lock\" \"${PODS_ROOT}/Manifest.lock\" > /dev/null\nif [ $? != 0 ] ; then\n    # print error to STDERR\n    echo \"error: The sandbox is not in sync with the Podfile.lock. Run 'pod install' or update your CocoaPods installation.\" >&2\n    exit 1\nfi\n# This output is used by Xcode 'outputs' to avoid re-running this script phase.\necho \"SUCCESS\" > \"${SCRIPT_OUTPUT_FILE_0}\"\n";
			showEnvVarsInLog = 0;
		};
/* End PBXShellScriptBuildPhase section */

/* Begin PBXSourcesBuildPhase section */
		750031A2271CD1B600971701 /* Sources */ = {
			isa = PBXSourcesBuildPhase;
			buildActionMask = 2147483647;
			files = (
				75C05126271F82C000BCD30E /* Day.swift in Sources */,
				750031AE271CD1B600971701 /* ViewController.swift in Sources */,
				75C05120271F823500BCD30E /* Calculator.swift in Sources */,
				750CCFD22720D1180090C733 /* GitHubTableViewCell.swift in Sources */,
				75CC67D32727635900AE4292 /* Positive.swift in Sources */,
				75C05122271F824800BCD30E /* Cat.swift in Sources */,
				750CCFCF2720CCDB0090C733 /* GitHubRepositoryManager.swift in Sources */,
				750CCFCB2720CA890090C733 /* GitHubRepository.swift in Sources */,
				750031AA271CD1B600971701 /* AppDelegate.swift in Sources */,
				75C05124271F825C00BCD30E /* Async.swift in Sources */,
				750031AC271CD1B600971701 /* SceneDelegate.swift in Sources */,
				750CCFCD2720CAF10090C733 /* GitHubAPIClient.swift in Sources */,
			);
			runOnlyForDeploymentPostprocessing = 0;
		};
		750031B8271CD1B800971701 /* Sources */ = {
			isa = PBXSourcesBuildPhase;
			buildActionMask = 2147483647;
			files = (
				750031C1271CD1B800971701 /* CalcTextPracticeTests.swift in Sources */,
			);
			runOnlyForDeploymentPostprocessing = 0;
		};
		750031C2271CD1B900971701 /* Sources */ = {
			isa = PBXSourcesBuildPhase;
			buildActionMask = 2147483647;
			files = (
				750031CB271CD1B900971701 /* CalcTextPracticeUITests.swift in Sources */,
				750031CD271CD1B900971701 /* CalcTextPracticeUITestsLaunchTests.swift in Sources */,
			);
			runOnlyForDeploymentPostprocessing = 0;
		};
/* End PBXSourcesBuildPhase section */

/* Begin PBXTargetDependency section */
		750031BE271CD1B800971701 /* PBXTargetDependency */ = {
			isa = PBXTargetDependency;
			target = 750031A5271CD1B600971701 /* CalcTextPractice */;
			targetProxy = 750031BD271CD1B800971701 /* PBXContainerItemProxy */;
		};
		750031C8271CD1B900971701 /* PBXTargetDependency */ = {
			isa = PBXTargetDependency;
			target = 750031A5271CD1B600971701 /* CalcTextPractice */;
			targetProxy = 750031C7271CD1B900971701 /* PBXContainerItemProxy */;
		};
/* End PBXTargetDependency section */

/* Begin PBXVariantGroup section */
		750031AF271CD1B600971701 /* Main.storyboard */ = {
			isa = PBXVariantGroup;
			children = (
				750031B0271CD1B600971701 /* Base */,
			);
			name = Main.storyboard;
			sourceTree = "<group>";
		};
		750031B4271CD1B800971701 /* LaunchScreen.storyboard */ = {
			isa = PBXVariantGroup;
			children = (
				750031B5271CD1B800971701 /* Base */,
			);
			name = LaunchScreen.storyboard;
			sourceTree = "<group>";
		};
/* End PBXVariantGroup section */

/* Begin XCBuildConfiguration section */
		750031CE271CD1B900971701 /* Debug */ = {
			isa = XCBuildConfiguration;
			buildSettings = {
				ALWAYS_SEARCH_USER_PATHS = NO;
				CLANG_ANALYZER_NONNULL = YES;
				CLANG_ANALYZER_NUMBER_OBJECT_CONVERSION = YES_AGGRESSIVE;
				CLANG_CXX_LANGUAGE_STANDARD = "gnu++17";
				CLANG_CXX_LIBRARY = "libc++";
				CLANG_ENABLE_MODULES = YES;
				CLANG_ENABLE_OBJC_ARC = YES;
				CLANG_ENABLE_OBJC_WEAK = YES;
				CLANG_WARN_BLOCK_CAPTURE_AUTORELEASING = YES;
				CLANG_WARN_BOOL_CONVERSION = YES;
				CLANG_WARN_COMMA = YES;
				CLANG_WARN_CONSTANT_CONVERSION = YES;
				CLANG_WARN_DEPRECATED_OBJC_IMPLEMENTATIONS = YES;
				CLANG_WARN_DIRECT_OBJC_ISA_USAGE = YES_ERROR;
				CLANG_WARN_DOCUMENTATION_COMMENTS = YES;
				CLANG_WARN_EMPTY_BODY = YES;
				CLANG_WARN_ENUM_CONVERSION = YES;
				CLANG_WARN_INFINITE_RECURSION = YES;
				CLANG_WARN_INT_CONVERSION = YES;
				CLANG_WARN_NON_LITERAL_NULL_CONVERSION = YES;
				CLANG_WARN_OBJC_IMPLICIT_RETAIN_SELF = YES;
				CLANG_WARN_OBJC_LITERAL_CONVERSION = YES;
				CLANG_WARN_OBJC_ROOT_CLASS = YES_ERROR;
				CLANG_WARN_QUOTED_INCLUDE_IN_FRAMEWORK_HEADER = YES;
				CLANG_WARN_RANGE_LOOP_ANALYSIS = YES;
				CLANG_WARN_STRICT_PROTOTYPES = YES;
				CLANG_WARN_SUSPICIOUS_MOVE = YES;
				CLANG_WARN_UNGUARDED_AVAILABILITY = YES_AGGRESSIVE;
				CLANG_WARN_UNREACHABLE_CODE = YES;
				CLANG_WARN__DUPLICATE_METHOD_MATCH = YES;
				COPY_PHASE_STRIP = NO;
				DEBUG_INFORMATION_FORMAT = dwarf;
				ENABLE_STRICT_OBJC_MSGSEND = YES;
				ENABLE_TESTABILITY = YES;
				GCC_C_LANGUAGE_STANDARD = gnu11;
				GCC_DYNAMIC_NO_PIC = NO;
				GCC_NO_COMMON_BLOCKS = YES;
				GCC_OPTIMIZATION_LEVEL = 0;
				GCC_PREPROCESSOR_DEFINITIONS = (
					"DEBUG=1",
					"$(inherited)",
				);
				GCC_WARN_64_TO_32_BIT_CONVERSION = YES;
				GCC_WARN_ABOUT_RETURN_TYPE = YES_ERROR;
				GCC_WARN_UNDECLARED_SELECTOR = YES;
				GCC_WARN_UNINITIALIZED_AUTOS = YES_AGGRESSIVE;
				GCC_WARN_UNUSED_FUNCTION = YES;
				GCC_WARN_UNUSED_VARIABLE = YES;
				IPHONEOS_DEPLOYMENT_TARGET = 15.0;
				MTL_ENABLE_DEBUG_INFO = INCLUDE_SOURCE;
				MTL_FAST_MATH = YES;
				ONLY_ACTIVE_ARCH = YES;
				SDKROOT = iphoneos;
				SWIFT_ACTIVE_COMPILATION_CONDITIONS = DEBUG;
				SWIFT_OPTIMIZATION_LEVEL = "-Onone";
			};
			name = Debug;
		};
		750031CF271CD1B900971701 /* Release */ = {
			isa = XCBuildConfiguration;
			buildSettings = {
				ALWAYS_SEARCH_USER_PATHS = NO;
				CLANG_ANALYZER_NONNULL = YES;
				CLANG_ANALYZER_NUMBER_OBJECT_CONVERSION = YES_AGGRESSIVE;
				CLANG_CXX_LANGUAGE_STANDARD = "gnu++17";
				CLANG_CXX_LIBRARY = "libc++";
				CLANG_ENABLE_MODULES = YES;
				CLANG_ENABLE_OBJC_ARC = YES;
				CLANG_ENABLE_OBJC_WEAK = YES;
				CLANG_WARN_BLOCK_CAPTURE_AUTORELEASING = YES;
				CLANG_WARN_BOOL_CONVERSION = YES;
				CLANG_WARN_COMMA = YES;
				CLANG_WARN_CONSTANT_CONVERSION = YES;
				CLANG_WARN_DEPRECATED_OBJC_IMPLEMENTATIONS = YES;
				CLANG_WARN_DIRECT_OBJC_ISA_USAGE = YES_ERROR;
				CLANG_WARN_DOCUMENTATION_COMMENTS = YES;
				CLANG_WARN_EMPTY_BODY = YES;
				CLANG_WARN_ENUM_CONVERSION = YES;
				CLANG_WARN_INFINITE_RECURSION = YES;
				CLANG_WARN_INT_CONVERSION = YES;
				CLANG_WARN_NON_LITERAL_NULL_CONVERSION = YES;
				CLANG_WARN_OBJC_IMPLICIT_RETAIN_SELF = YES;
				CLANG_WARN_OBJC_LITERAL_CONVERSION = YES;
				CLANG_WARN_OBJC_ROOT_CLASS = YES_ERROR;
				CLANG_WARN_QUOTED_INCLUDE_IN_FRAMEWORK_HEADER = YES;
				CLANG_WARN_RANGE_LOOP_ANALYSIS = YES;
				CLANG_WARN_STRICT_PROTOTYPES = YES;
				CLANG_WARN_SUSPICIOUS_MOVE = YES;
				CLANG_WARN_UNGUARDED_AVAILABILITY = YES_AGGRESSIVE;
				CLANG_WARN_UNREACHABLE_CODE = YES;
				CLANG_WARN__DUPLICATE_METHOD_MATCH = YES;
				COPY_PHASE_STRIP = NO;
				DEBUG_INFORMATION_FORMAT = "dwarf-with-dsym";
				ENABLE_NS_ASSERTIONS = NO;
				ENABLE_STRICT_OBJC_MSGSEND = YES;
				GCC_C_LANGUAGE_STANDARD = gnu11;
				GCC_NO_COMMON_BLOCKS = YES;
				GCC_WARN_64_TO_32_BIT_CONVERSION = YES;
				GCC_WARN_ABOUT_RETURN_TYPE = YES_ERROR;
				GCC_WARN_UNDECLARED_SELECTOR = YES;
				GCC_WARN_UNINITIALIZED_AUTOS = YES_AGGRESSIVE;
				GCC_WARN_UNUSED_FUNCTION = YES;
				GCC_WARN_UNUSED_VARIABLE = YES;
				IPHONEOS_DEPLOYMENT_TARGET = 15.0;
				MTL_ENABLE_DEBUG_INFO = NO;
				MTL_FAST_MATH = YES;
				SDKROOT = iphoneos;
				SWIFT_COMPILATION_MODE = wholemodule;
				SWIFT_OPTIMIZATION_LEVEL = "-O";
				VALIDATE_PRODUCT = YES;
			};
			name = Release;
		};
		750031D1271CD1B900971701 /* Debug */ = {
			isa = XCBuildConfiguration;
			baseConfigurationReference = 5B3A8936C49A5FC9B1AC337A /* Pods-CalcTextPractice.debug.xcconfig */;
			buildSettings = {
				ASSETCATALOG_COMPILER_APPICON_NAME = AppIcon;
				ASSETCATALOG_COMPILER_GLOBAL_ACCENT_COLOR_NAME = AccentColor;
				CODE_SIGN_STYLE = Automatic;
				CURRENT_PROJECT_VERSION = 1;
				DEVELOPMENT_TEAM = N53995CJPD;
				GENERATE_INFOPLIST_FILE = YES;
				INFOPLIST_FILE = CalcTextPractice/Info.plist;
				INFOPLIST_KEY_UIApplicationSupportsIndirectInputEvents = YES;
				INFOPLIST_KEY_UILaunchStoryboardName = LaunchScreen;
				INFOPLIST_KEY_UIMainStoryboardFile = Main;
				INFOPLIST_KEY_UISupportedInterfaceOrientations_iPad = "UIInterfaceOrientationPortrait UIInterfaceOrientationPortraitUpsideDown UIInterfaceOrientationLandscapeLeft UIInterfaceOrientationLandscapeRight";
				INFOPLIST_KEY_UISupportedInterfaceOrientations_iPhone = "UIInterfaceOrientationPortrait UIInterfaceOrientationLandscapeLeft UIInterfaceOrientationLandscapeRight";
				LD_RUNPATH_SEARCH_PATHS = (
					"$(inherited)",
					"@executable_path/Frameworks",
				);
				MARKETING_VERSION = 1.0;
				PRODUCT_BUNDLE_IDENTIFIER = com.tatsuo.CalcTextPractice;
				PRODUCT_NAME = "$(TARGET_NAME)";
				SWIFT_EMIT_LOC_STRINGS = YES;
				SWIFT_VERSION = 5.0;
				TARGETED_DEVICE_FAMILY = "1,2";
			};
			name = Debug;
		};
		750031D2271CD1B900971701 /* Release */ = {
			isa = XCBuildConfiguration;
			baseConfigurationReference = F8221A790908FF55A9521167 /* Pods-CalcTextPractice.release.xcconfig */;
			buildSettings = {
				ASSETCATALOG_COMPILER_APPICON_NAME = AppIcon;
				ASSETCATALOG_COMPILER_GLOBAL_ACCENT_COLOR_NAME = AccentColor;
				CODE_SIGN_STYLE = Automatic;
				CURRENT_PROJECT_VERSION = 1;
				DEVELOPMENT_TEAM = N53995CJPD;
				GENERATE_INFOPLIST_FILE = YES;
				INFOPLIST_FILE = CalcTextPractice/Info.plist;
				INFOPLIST_KEY_UIApplicationSupportsIndirectInputEvents = YES;
				INFOPLIST_KEY_UILaunchStoryboardName = LaunchScreen;
				INFOPLIST_KEY_UIMainStoryboardFile = Main;
				INFOPLIST_KEY_UISupportedInterfaceOrientations_iPad = "UIInterfaceOrientationPortrait UIInterfaceOrientationPortraitUpsideDown UIInterfaceOrientationLandscapeLeft UIInterfaceOrientationLandscapeRight";
				INFOPLIST_KEY_UISupportedInterfaceOrientations_iPhone = "UIInterfaceOrientationPortrait UIInterfaceOrientationLandscapeLeft UIInterfaceOrientationLandscapeRight";
				LD_RUNPATH_SEARCH_PATHS = (
					"$(inherited)",
					"@executable_path/Frameworks",
				);
				MARKETING_VERSION = 1.0;
				PRODUCT_BUNDLE_IDENTIFIER = com.tatsuo.CalcTextPractice;
				PRODUCT_NAME = "$(TARGET_NAME)";
				SWIFT_EMIT_LOC_STRINGS = YES;
				SWIFT_VERSION = 5.0;
				TARGETED_DEVICE_FAMILY = "1,2";
			};
			name = Release;
		};
		750031D4271CD1B900971701 /* Debug */ = {
			isa = XCBuildConfiguration;
			baseConfigurationReference = 42B72A0958A7D555B77C1080 /* Pods-CalcTextPracticeTests.debug.xcconfig */;
			buildSettings = {
				ALWAYS_EMBED_SWIFT_STANDARD_LIBRARIES = YES;
				BUNDLE_LOADER = "$(TEST_HOST)";
				CODE_SIGN_STYLE = Automatic;
				CURRENT_PROJECT_VERSION = 1;
				DEVELOPMENT_TEAM = N53995CJPD;
				GENERATE_INFOPLIST_FILE = YES;
				IPHONEOS_DEPLOYMENT_TARGET = 15.0;
				LD_RUNPATH_SEARCH_PATHS = (
					"$(inherited)",
					"@executable_path/Frameworks",
					"@loader_path/Frameworks",
				);
				MARKETING_VERSION = 1.0;
				PRODUCT_BUNDLE_IDENTIFIER = com.tatsuo.CalcTextPracticeTests;
				PRODUCT_NAME = "$(TARGET_NAME)";
				SWIFT_EMIT_LOC_STRINGS = NO;
				SWIFT_VERSION = 5.0;
				TARGETED_DEVICE_FAMILY = "1,2";
				TEST_HOST = "$(BUILT_PRODUCTS_DIR)/CalcTextPractice.app/CalcTextPractice";
			};
			name = Debug;
		};
		750031D5271CD1B900971701 /* Release */ = {
			isa = XCBuildConfiguration;
			baseConfigurationReference = 335B3111D37BE4BB83D5BEA0 /* Pods-CalcTextPracticeTests.release.xcconfig */;
			buildSettings = {
				ALWAYS_EMBED_SWIFT_STANDARD_LIBRARIES = YES;
				BUNDLE_LOADER = "$(TEST_HOST)";
				CODE_SIGN_STYLE = Automatic;
				CURRENT_PROJECT_VERSION = 1;
				DEVELOPMENT_TEAM = N53995CJPD;
				GENERATE_INFOPLIST_FILE = YES;
				IPHONEOS_DEPLOYMENT_TARGET = 15.0;
				LD_RUNPATH_SEARCH_PATHS = (
					"$(inherited)",
					"@executable_path/Frameworks",
					"@loader_path/Frameworks",
				);
				MARKETING_VERSION = 1.0;
				PRODUCT_BUNDLE_IDENTIFIER = com.tatsuo.CalcTextPracticeTests;
				PRODUCT_NAME = "$(TARGET_NAME)";
				SWIFT_EMIT_LOC_STRINGS = NO;
				SWIFT_VERSION = 5.0;
				TARGETED_DEVICE_FAMILY = "1,2";
				TEST_HOST = "$(BUILT_PRODUCTS_DIR)/CalcTextPractice.app/CalcTextPractice";
			};
			name = Release;
		};
		750031D7271CD1B900971701 /* Debug */ = {
			isa = XCBuildConfiguration;
			baseConfigurationReference = DF2B3F8DED1377B1522EF485 /* Pods-CalcTextPractice-CalcTextPracticeUITests.debug.xcconfig */;
			buildSettings = {
				ALWAYS_EMBED_SWIFT_STANDARD_LIBRARIES = YES;
				CODE_SIGN_STYLE = Automatic;
				CURRENT_PROJECT_VERSION = 1;
				DEVELOPMENT_TEAM = N53995CJPD;
				GENERATE_INFOPLIST_FILE = YES;
				LD_RUNPATH_SEARCH_PATHS = (
					"$(inherited)",
					"@executable_path/Frameworks",
					"@loader_path/Frameworks",
				);
				MARKETING_VERSION = 1.0;
				PRODUCT_BUNDLE_IDENTIFIER = com.tatsuo.CalcTextPracticeUITests;
				PRODUCT_NAME = "$(TARGET_NAME)";
				SWIFT_EMIT_LOC_STRINGS = NO;
				SWIFT_VERSION = 5.0;
				TARGETED_DEVICE_FAMILY = "1,2";
				TEST_TARGET_NAME = CalcTextPractice;
			};
			name = Debug;
		};
		750031D8271CD1B900971701 /* Release */ = {
			isa = XCBuildConfiguration;
			baseConfigurationReference = 6CEED6A9A88DE4D2EE6A3D5E /* Pods-CalcTextPractice-CalcTextPracticeUITests.release.xcconfig */;
			buildSettings = {
				ALWAYS_EMBED_SWIFT_STANDARD_LIBRARIES = YES;
				CODE_SIGN_STYLE = Automatic;
				CURRENT_PROJECT_VERSION = 1;
				DEVELOPMENT_TEAM = N53995CJPD;
				GENERATE_INFOPLIST_FILE = YES;
				LD_RUNPATH_SEARCH_PATHS = (
					"$(inherited)",
					"@executable_path/Frameworks",
					"@loader_path/Frameworks",
				);
				MARKETING_VERSION = 1.0;
				PRODUCT_BUNDLE_IDENTIFIER = com.tatsuo.CalcTextPracticeUITests;
				PRODUCT_NAME = "$(TARGET_NAME)";
				SWIFT_EMIT_LOC_STRINGS = NO;
				SWIFT_VERSION = 5.0;
				TARGETED_DEVICE_FAMILY = "1,2";
				TEST_TARGET_NAME = CalcTextPractice;
			};
			name = Release;
		};
/* End XCBuildConfiguration section */

/* Begin XCConfigurationList section */
		750031A1271CD1B600971701 /* Build configuration list for PBXProject "CalcTextPractice" */ = {
			isa = XCConfigurationList;
			buildConfigurations = (
				750031CE271CD1B900971701 /* Debug */,
				750031CF271CD1B900971701 /* Release */,
			);
			defaultConfigurationIsVisible = 0;
			defaultConfigurationName = Release;
		};
		750031D0271CD1B900971701 /* Build configuration list for PBXNativeTarget "CalcTextPractice" */ = {
			isa = XCConfigurationList;
			buildConfigurations = (
				750031D1271CD1B900971701 /* Debug */,
				750031D2271CD1B900971701 /* Release */,
			);
			defaultConfigurationIsVisible = 0;
			defaultConfigurationName = Release;
		};
		750031D3271CD1B900971701 /* Build configuration list for PBXNativeTarget "CalcTextPracticeTests" */ = {
			isa = XCConfigurationList;
			buildConfigurations = (
				750031D4271CD1B900971701 /* Debug */,
				750031D5271CD1B900971701 /* Release */,
			);
			defaultConfigurationIsVisible = 0;
			defaultConfigurationName = Release;
		};
		750031D6271CD1B900971701 /* Build configuration list for PBXNativeTarget "CalcTextPracticeUITests" */ = {
			isa = XCConfigurationList;
			buildConfigurations = (
				750031D7271CD1B900971701 /* Debug */,
				750031D8271CD1B900971701 /* Release */,
			);
			defaultConfigurationIsVisible = 0;
			defaultConfigurationName = Release;
		};
/* End XCConfigurationList section */
	};
	rootObject = 7500319E271CD1B600971701 /* Project object */;
}
